// !$*UTF8*$!
{
	archiveVersion = 1;
	classes = {
	};
	objectVersion = 50;
	objects = {

/* Begin PBXBuildFile section */
		06B44093218206CD0062BEDF /* AppDelegate.swift in Sources */ = {isa = PBXBuildFile; fileRef = 06B44092218206CD0062BEDF /* AppDelegate.swift */; };
		06B44098218206CD0062BEDF /* Main.storyboard in Resources */ = {isa = PBXBuildFile; fileRef = 06B44096218206CD0062BEDF /* Main.storyboard */; };
		06B4409A218206CE0062BEDF /* Assets.xcassets in Resources */ = {isa = PBXBuildFile; fileRef = 06B44099218206CE0062BEDF /* Assets.xcassets */; };
		06B4409D218206CE0062BEDF /* LaunchScreen.storyboard in Resources */ = {isa = PBXBuildFile; fileRef = 06B4409B218206CE0062BEDF /* LaunchScreen.storyboard */; };
		06B440A9218208DA0062BEDF /* Film.swift in Sources */ = {isa = PBXBuildFile; fileRef = 06B440A8218208DA0062BEDF /* Film.swift */; };
		06B440AB21820A230062BEDF /* Person.swift in Sources */ = {isa = PBXBuildFile; fileRef = 06B440AA21820A230062BEDF /* Person.swift */; };
		06B440AD21820D470062BEDF /* Species.swift in Sources */ = {isa = PBXBuildFile; fileRef = 06B440AC21820D470062BEDF /* Species.swift */; };
		06B440AF21820E3E0062BEDF /* Planet.swift in Sources */ = {isa = PBXBuildFile; fileRef = 06B440AE21820E3E0062BEDF /* Planet.swift */; };
		06B440B1218213D00062BEDF /* CharacterListViewController.swift in Sources */ = {isa = PBXBuildFile; fileRef = 06B440B0218213D00062BEDF /* CharacterListViewController.swift */; };
		06B440B5218295D60062BEDF /* Identity.swift in Sources */ = {isa = PBXBuildFile; fileRef = 06B440B4218295D60062BEDF /* Identity.swift */; };
		06B440B721838DCE0062BEDF /* CharacterDetailViewController.swift in Sources */ = {isa = PBXBuildFile; fileRef = 06B440B621838DCE0062BEDF /* CharacterDetailViewController.swift */; };
/* End PBXBuildFile section */

/* Begin PBXFileReference section */
		06B4408F218206CD0062BEDF /* StarWarsDetail.app */ = {isa = PBXFileReference; explicitFileType = wrapper.application; includeInIndex = 0; path = StarWarsDetail.app; sourceTree = BUILT_PRODUCTS_DIR; };
		06B44092218206CD0062BEDF /* AppDelegate.swift */ = {isa = PBXFileReference; lastKnownFileType = sourcecode.swift; path = AppDelegate.swift; sourceTree = "<group>"; };
		06B44097218206CD0062BEDF /* Base */ = {isa = PBXFileReference; lastKnownFileType = file.storyboard; name = Base; path = Base.lproj/Main.storyboard; sourceTree = "<group>"; };
		06B44099218206CE0062BEDF /* Assets.xcassets */ = {isa = PBXFileReference; lastKnownFileType = folder.assetcatalog; path = Assets.xcassets; sourceTree = "<group>"; };
		06B4409C218206CE0062BEDF /* Base */ = {isa = PBXFileReference; lastKnownFileType = file.storyboard; name = Base; path = Base.lproj/LaunchScreen.storyboard; sourceTree = "<group>"; };
		06B4409E218206CE0062BEDF /* Info.plist */ = {isa = PBXFileReference; lastKnownFileType = text.plist.xml; path = Info.plist; sourceTree = "<group>"; };
		06B440A8218208DA0062BEDF /* Film.swift */ = {isa = PBXFileReference; lastKnownFileType = sourcecode.swift; path = Film.swift; sourceTree = "<group>"; };
		06B440AA21820A230062BEDF /* Person.swift */ = {isa = PBXFileReference; lastKnownFileType = sourcecode.swift; path = Person.swift; sourceTree = "<group>"; };
		06B440AC21820D470062BEDF /* Species.swift */ = {isa = PBXFileReference; lastKnownFileType = sourcecode.swift; path = Species.swift; sourceTree = "<group>"; };
		06B440AE21820E3E0062BEDF /* Planet.swift */ = {isa = PBXFileReference; lastKnownFileType = sourcecode.swift; path = Planet.swift; sourceTree = "<group>"; };
		06B440B0218213D00062BEDF /* CharacterListViewController.swift */ = {isa = PBXFileReference; lastKnownFileType = sourcecode.swift; path = CharacterListViewController.swift; sourceTree = "<group>"; };
		06B440B4218295D60062BEDF /* Identity.swift */ = {isa = PBXFileReference; lastKnownFileType = sourcecode.swift; path = Identity.swift; sourceTree = "<group>"; };
		06B440B621838DCE0062BEDF /* CharacterDetailViewController.swift */ = {isa = PBXFileReference; lastKnownFileType = sourcecode.swift; path = CharacterDetailViewController.swift; sourceTree = "<group>"; };
/* End PBXFileReference section */

/* Begin PBXFrameworksBuildPhase section */
		06B4408C218206CD0062BEDF /* Frameworks */ = {
			isa = PBXFrameworksBuildPhase;
			buildActionMask = 2147483647;
			files = (
			);
			runOnlyForDeploymentPostprocessing = 0;
		};
/* End PBXFrameworksBuildPhase section */

/* Begin PBXGroup section */
		06B44086218206CD0062BEDF = {
			isa = PBXGroup;
			children = (
				06B44091218206CD0062BEDF /* StarWarsDetail */,
				06B44090218206CD0062BEDF /* Products */,
			);
			sourceTree = "<group>";
		};
		06B44090218206CD0062BEDF /* Products */ = {
			isa = PBXGroup;
			children = (
				06B4408F218206CD0062BEDF /* StarWarsDetail.app */,
			);
			name = Products;
			sourceTree = "<group>";
		};
		06B44091218206CD0062BEDF /* StarWarsDetail */ = {
			isa = PBXGroup;
			children = (
				06B440A42182073B0062BEDF /* Model */,
				06B440A5218207740062BEDF /* Views */,
				06B440A6218207800062BEDF /* Controllers */,
				06B440A7218207DA0062BEDF /* Helpers */,
				06B44092218206CD0062BEDF /* AppDelegate.swift */,
				06B44099218206CE0062BEDF /* Assets.xcassets */,
				06B4409E218206CE0062BEDF /* Info.plist */,
			);
			path = StarWarsDetail;
			sourceTree = "<group>";
		};
		06B440A42182073B0062BEDF /* Model */ = {
			isa = PBXGroup;
			children = (
				06B440A8218208DA0062BEDF /* Film.swift */,
				06B440AA21820A230062BEDF /* Person.swift */,
				06B440AC21820D470062BEDF /* Species.swift */,
				06B440AE21820E3E0062BEDF /* Planet.swift */,
			);
			path = Model;
			sourceTree = "<group>";
		};
		06B440A5218207740062BEDF /* Views */ = {
			isa = PBXGroup;
			children = (
				06B4409B218206CE0062BEDF /* LaunchScreen.storyboard */,
				06B44096218206CD0062BEDF /* Main.storyboard */,
			);
			path = Views;
			sourceTree = "<group>";
		};
		06B440A6218207800062BEDF /* Controllers */ = {
			isa = PBXGroup;
			children = (
				06B440B0218213D00062BEDF /* CharacterListViewController.swift */,
				06B440B621838DCE0062BEDF /* CharacterDetailViewController.swift */,
			);
			path = Controllers;
			sourceTree = "<group>";
		};
		06B440A7218207DA0062BEDF /* Helpers */ = {
			isa = PBXGroup;
			children = (
				06B440B4218295D60062BEDF /* Identity.swift */,
			);
			path = Helpers;
			sourceTree = "<group>";
		};
/* End PBXGroup section */

/* Begin PBXNativeTarget section */
		06B4408E218206CD0062BEDF /* StarWarsDetail */ = {
			isa = PBXNativeTarget;
			buildConfigurationList = 06B440A1218206CE0062BEDF /* Build configuration list for PBXNativeTarget "StarWarsDetail" */;
			buildPhases = (
				06B4408B218206CD0062BEDF /* Sources */,
				06B4408C218206CD0062BEDF /* Frameworks */,
				06B4408D218206CD0062BEDF /* Resources */,
			);
			buildRules = (
			);
			dependencies = (
			);
			name = StarWarsDetail;
			productName = StarWarsDetail;
			productReference = 06B4408F218206CD0062BEDF /* StarWarsDetail.app */;
			productType = "com.apple.product-type.application";
		};
/* End PBXNativeTarget section */

/* Begin PBXProject section */
		06B44087218206CD0062BEDF /* Project object */ = {
			isa = PBXProject;
			attributes = {
				LastSwiftUpdateCheck = 1000;
				LastUpgradeCheck = 1000;
				ORGANIZATIONNAME = "Britney Smith";
				TargetAttributes = {
					06B4408E218206CD0062BEDF = {
						CreatedOnToolsVersion = 10.0;
					};
				};
			};
			buildConfigurationList = 06B4408A218206CD0062BEDF /* Build configuration list for PBXProject "StarWarsDetail" */;
			compatibilityVersion = "Xcode 9.3";
			developmentRegion = en;
			hasScannedForEncodings = 0;
			knownRegions = (
				en,
				Base,
			);
			mainGroup = 06B44086218206CD0062BEDF;
			productRefGroup = 06B44090218206CD0062BEDF /* Products */;
			projectDirPath = "";
			projectRoot = "";
			targets = (
				06B4408E218206CD0062BEDF /* StarWarsDetail */,
			);
		};
/* End PBXProject section */

/* Begin PBXResourcesBuildPhase section */
		06B4408D218206CD0062BEDF /* Resources */ = {
			isa = PBXResourcesBuildPhase;
			buildActionMask = 2147483647;
			files = (
				06B4409D218206CE0062BEDF /* LaunchScreen.storyboard in Resources */,
				06B4409A218206CE0062BEDF /* Assets.xcassets in Resources */,
				06B44098218206CD0062BEDF /* Main.storyboard in Resources */,
			);
			runOnlyForDeploymentPostprocessing = 0;
		};
/* End PBXResourcesBuildPhase section */

/* Begin PBXSourcesBuildPhase section */
		06B4408B218206CD0062BEDF /* Sources */ = {
			isa = PBXSourcesBuildPhase;
			buildActionMask = 2147483647;
			files = (
				06B440AD21820D470062BEDF /* Species.swift in Sources */,
				06B44093218206CD0062BEDF /* AppDelegate.swift in Sources */,
				06B440AB21820A230062BEDF /* Person.swift in Sources */,
				06B440A9218208DA0062BEDF /* Film.swift in Sources */,
				06B440B1218213D00062BEDF /* CharacterListViewController.swift in Sources */,
				06B440B721838DCE0062BEDF /* CharacterDetailViewController.swift in Sources */,
				06B440AF21820E3E0062BEDF /* Planet.swift in Sources */,
				06B440B5218295D60062BEDF /* Identity.swift in Sources */,
			);
			runOnlyForDeploymentPostprocessing = 0;
		};
/* End PBXSourcesBuildPhase section */

/* Begin PBXVariantGroup section */
		06B44096218206CD0062BEDF /* Main.storyboard */ = {
			isa = PBXVariantGroup;
			children = (
				06B44097218206CD0062BEDF /* Base */,
			);
			name = Main.storyboard;
			sourceTree = "<group>";
		};
		06B4409B218206CE0062BEDF /* LaunchScreen.storyboard */ = {
			isa = PBXVariantGroup;
			children = (
				06B4409C218206CE0062BEDF /* Base */,
			);
			name = LaunchScreen.storyboard;
			sourceTree = "<group>";
		};
/* End PBXVariantGroup section */

/* Begin XCBuildConfiguration section */
		06B4409F218206CE0062BEDF /* Debug */ = {
			isa = XCBuildConfiguration;
			buildSettings = {
				ALWAYS_SEARCH_USER_PATHS = NO;
				CLANG_ANALYZER_NONNULL = YES;
				CLANG_ANALYZER_NUMBER_OBJECT_CONVERSION = YES_AGGRESSIVE;
				CLANG_CXX_LANGUAGE_STANDARD = "gnu++14";
				CLANG_CXX_LIBRARY = "libc++";
				CLANG_ENABLE_MODULES = YES;
				CLANG_ENABLE_OBJC_ARC = YES;
				CLANG_ENABLE_OBJC_WEAK = YES;
				CLANG_WARN_BLOCK_CAPTURE_AUTORELEASING = YES;
				CLANG_WARN_BOOL_CONVERSION = YES;
				CLANG_WARN_COMMA = YES;
				CLANG_WARN_CONSTANT_CONVERSION = YES;
				CLANG_WARN_DEPRECATED_OBJC_IMPLEMENTATIONS = YES;
				CLANG_WARN_DIRECT_OBJC_ISA_USAGE = YES_ERROR;
				CLANG_WARN_DOCUMENTATION_COMMENTS = YES;
				CLANG_WARN_EMPTY_BODY = YES;
				CLANG_WARN_ENUM_CONVERSION = YES;
				CLANG_WARN_INFINITE_RECURSION = YES;
				CLANG_WARN_INT_CONVERSION = YES;
				CLANG_WARN_NON_LITERAL_NULL_CONVERSION = YES;
				CLANG_WARN_OBJC_IMPLICIT_RETAIN_SELF = YES;
				CLANG_WARN_OBJC_LITERAL_CONVERSION = YES;
				CLANG_WARN_OBJC_ROOT_CLASS = YES_ERROR;
				CLANG_WARN_RANGE_LOOP_ANALYSIS = YES;
				CLANG_WARN_STRICT_PROTOTYPES = YES;
				CLANG_WARN_SUSPICIOUS_MOVE = YES;
				CLANG_WARN_UNGUARDED_AVAILABILITY = YES_AGGRESSIVE;
				CLANG_WARN_UNREACHABLE_CODE = YES;
				CLANG_WARN__DUPLICATE_METHOD_MATCH = YES;
				CODE_SIGN_IDENTITY = "iPhone Developer";
				COPY_PHASE_STRIP = NO;
				DEBUG_INFORMATION_FORMAT = dwarf;
				ENABLE_STRICT_OBJC_MSGSEND = YES;
				ENABLE_TESTABILITY = YES;
				GCC_C_LANGUAGE_STANDARD = gnu11;
				GCC_DYNAMIC_NO_PIC = NO;
				GCC_NO_COMMON_BLOCKS = YES;
				GCC_OPTIMIZATION_LEVEL = 0;
				GCC_PREPROCESSOR_DEFINITIONS = (
					"DEBUG=1",
					"$(inherited)",
				);
				GCC_WARN_64_TO_32_BIT_CONVERSION = YES;
				GCC_WARN_ABOUT_RETURN_TYPE = YES_ERROR;
				GCC_WARN_UNDECLARED_SELECTOR = YES;
				GCC_WARN_UNINITIALIZED_AUTOS = YES_AGGRESSIVE;
				GCC_WARN_UNUSED_FUNCTION = YES;
				GCC_WARN_UNUSED_VARIABLE = YES;
				IPHONEOS_DEPLOYMENT_TARGET = 12.0;
				MTL_ENABLE_DEBUG_INFO = INCLUDE_SOURCE;
				MTL_FAST_MATH = YES;
				ONLY_ACTIVE_ARCH = YES;
				SDKROOT = iphoneos;
				SWIFT_ACTIVE_COMPILATION_CONDITIONS = DEBUG;
				SWIFT_OPTIMIZATION_LEVEL = "-Onone";
			};
			name = Debug;
		};
		06B440A0218206CE0062BEDF /* Release */ = {
			isa = XCBuildConfiguration;
			buildSettings = {
				ALWAYS_SEARCH_USER_PATHS = NO;
				CLANG_ANALYZER_NONNULL = YES;
				CLANG_ANALYZER_NUMBER_OBJECT_CONVERSION = YES_AGGRESSIVE;
				CLANG_CXX_LANGUAGE_STANDARD = "gnu++14";
				CLANG_CXX_LIBRARY = "libc++";
				CLANG_ENABLE_MODULES = YES;
				CLANG_ENABLE_OBJC_ARC = YES;
				CLANG_ENABLE_OBJC_WEAK = YES;
				CLANG_WARN_BLOCK_CAPTURE_AUTORELEASING = YES;
				CLANG_WARN_BOOL_CONVERSION = YES;
				CLANG_WARN_COMMA = YES;
				CLANG_WARN_CONSTANT_CONVERSION = YES;
				CLANG_WARN_DEPRECATED_OBJC_IMPLEMENTATIONS = YES;
				CLANG_WARN_DIRECT_OBJC_ISA_USAGE = YES_ERROR;
				CLANG_WARN_DOCUMENTATION_COMMENTS = YES;
				CLANG_WARN_EMPTY_BODY = YES;
				CLANG_WARN_ENUM_CONVERSION = YES;
				CLANG_WARN_INFINITE_RECURSION = YES;
				CLANG_WARN_INT_CONVERSION = YES;
				CLANG_WARN_NON_LITERAL_NULL_CONVERSION = YES;
				CLANG_WARN_OBJC_IMPLICIT_RETAIN_SELF = YES;
				CLANG_WARN_OBJC_LITERAL_CONVERSION = YES;
				CLANG_WARN_OBJC_ROOT_CLASS = YES_ERROR;
				CLANG_WARN_RANGE_LOOP_ANALYSIS = YES;
				CLANG_WARN_STRICT_PROTOTYPES = YES;
				CLANG_WARN_SUSPICIOUS_MOVE = YES;
				CLANG_WARN_UNGUARDED_AVAILABILITY = YES_AGGRESSIVE;
				CLANG_WARN_UNREACHABLE_CODE = YES;
				CLANG_WARN__DUPLICATE_METHOD_MATCH = YES;
				CODE_SIGN_IDENTITY = "iPhone Developer";
				COPY_PHASE_STRIP = NO;
				DEBUG_INFORMATION_FORMAT = "dwarf-with-dsym";
				ENABLE_NS_ASSERTIONS = NO;
				ENABLE_STRICT_OBJC_MSGSEND = YES;
				GCC_C_LANGUAGE_STANDARD = gnu11;
				GCC_NO_COMMON_BLOCKS = YES;
				GCC_WARN_64_TO_32_BIT_CONVERSION = YES;
				GCC_WARN_ABOUT_RETURN_TYPE = YES_ERROR;
				GCC_WARN_UNDECLARED_SELECTOR = YES;
				GCC_WARN_UNINITIALIZED_AUTOS = YES_AGGRESSIVE;
				GCC_WARN_UNUSED_FUNCTION = YES;
				GCC_WARN_UNUSED_VARIABLE = YES;
				IPHONEOS_DEPLOYMENT_TARGET = 12.0;
				MTL_ENABLE_DEBUG_INFO = NO;
				MTL_FAST_MATH = YES;
				SDKROOT = iphoneos;
				SWIFT_COMPILATION_MODE = wholemodule;
				SWIFT_OPTIMIZATION_LEVEL = "-O";
				VALIDATE_PRODUCT = YES;
			};
			name = Release;
		};
		06B440A2218206CE0062BEDF /* Debug */ = {
			isa = XCBuildConfiguration;
			buildSettings = {
				ASSETCATALOG_COMPILER_APPICON_NAME = AppIcon;
				CODE_SIGN_STYLE = Automatic;
				INFOPLIST_FILE = StarWarsDetail/Info.plist;
				LD_RUNPATH_SEARCH_PATHS = (
					"$(inherited)",
					"@executable_path/Frameworks",
				);
				PRODUCT_BUNDLE_IDENTIFIER = com.detroitlabs.StarWarsDetail;
				PRODUCT_NAME = "$(TARGET_NAME)";
				SWIFT_VERSION = 4.2;
				TARGETED_DEVICE_FAMILY = "1,2";
			};
			name = Debug;
		};
		06B440A3218206CE0062BEDF /* Release */ = {
			isa = XCBuildConfiguration;
			buildSettings = {
				ASSETCATALOG_COMPILER_APPICON_NAME = AppIcon;
				CODE_SIGN_STYLE = Automatic;
				INFOPLIST_FILE = StarWarsDetail/Info.plist;
				LD_RUNPATH_SEARCH_PATHS = (
					"$(inherited)",
					"@executable_path/Frameworks",
				);
				PRODUCT_BUNDLE_IDENTIFIER = com.detroitlabs.StarWarsDetail;
				PRODUCT_NAME = "$(TARGET_NAME)";
				SWIFT_VERSION = 4.2;
				TARGETED_DEVICE_FAMILY = "1,2";
			};
			name = Release;
		};
/* End XCBuildConfiguration section */

/* Begin XCConfigurationList section */
		06B4408A218206CD0062BEDF /* Build configuration list for PBXProject "StarWarsDetail" */ = {
			isa = XCConfigurationList;
			buildConfigurations = (
				06B4409F218206CE0062BEDF /* Debug */,
				06B440A0218206CE0062BEDF /* Release */,
			);
			defaultConfigurationIsVisible = 0;
			defaultConfigurationName = Release;
		};
		06B440A1218206CE0062BEDF /* Build configuration list for PBXNativeTarget "StarWarsDetail" */ = {
			isa = XCConfigurationList;
			buildConfigurations = (
				06B440A2218206CE0062BEDF /* Debug */,
				06B440A3218206CE0062BEDF /* Release */,
			);
			defaultConfigurationIsVisible = 0;
			defaultConfigurationName = Release;
		};
/* End XCConfigurationList section */
	};
	rootObject = 06B44087218206CD0062BEDF /* Project object */;
}
